
Microsoft Visual Studio Solution File, Format Version 12.00
# Visual Studio Version 17
VisualStudioVersion = 17.9.34616.47
MinimumVisualStudioVersion = 10.0.40219.1
Project("{FAE04EC0-301F-11D3-BF4B-00C04F79EFBC}") = "Multi-Ping", "Multi-Ping\Multi-Ping.csproj", "{9CBB6B81-DEE9-4BCF-BA2C-952815308BF5}"
EndProject
Project("{54435603-DBB4-11D2-8724-00A0C9A8B90C}") = "MultiPingControl", "MultiPingControl\MultiPingControl.vdproj", "{87ECB53D-6FA0-44D1-8CE3-8A8BB21BE952}"
EndProject
Global
	GlobalSection(SolutionConfigurationPlatforms) = preSolution
		Debug|Any CPU = Debug|Any CPU
		Release|Any CPU = Release|Any CPU
	EndGlobalSection
	GlobalSection(ProjectConfigurationPlatforms) = postSolution
		{9CBB6B81-DEE9-4BCF-BA2C-952815308BF5}.Debug|Any CPU.ActiveCfg = Debug|Any CPU
		{9CBB6B81-DEE9-4BCF-BA2C-952815308BF5}.Debug|Any CPU.Build.0 = Debug|Any CPU
		{9CBB6B81-DEE9-4BCF-BA2C-952815308BF5}.Release|Any CPU.ActiveCfg = Release|Any CPU
		{9CBB6B81-DEE9-4BCF-BA2C-952815308BF5}.Release|Any CPU.Build.0 = Release|Any CPU
		{87ECB53D-6FA0-44D1-8CE3-8A8BB21BE952}.Debug|Any CPU.ActiveCfg = Debug
		{87ECB53D-6FA0-44D1-8CE3-8A8BB21BE952}.Release|Any CPU.ActiveCfg = Release
	EndGlobalSection
	GlobalSection(SolutionProperties) = preSolution
		HideSolutionNode = FALSE
	EndGlobalSection
	GlobalSection(ExtensibilityGlobals) = postSolution
		SolutionGuid = {48E60157-630D-4358-950F-7C91208141F0}
	EndGlobalSection
EndGlobal
